
Microsoft Visual Studio Solution File, Format Version 12.00
# Visual Studio Version 17
VisualStudioVersion = 17.0.31710.8
MinimumVisualStudioVersion = 10.0.40219.1
Project("{FAE04EC0-301F-11D3-BF4B-00C04F79EFBC}") = "HollasBlog", "HollasBlog\HollasBlog.csproj", "{277E3BED-4BC9-442F-9A58-028A02176857}"
EndProject
Global
	GlobalSection(SolutionConfigurationPlatforms) = preSolution
		Debug|Any CPU = Debug|Any CPU
		Release|Any CPU = Release|Any CPU
	EndGlobalSection
	GlobalSection(ProjectConfigurationPlatforms) = postSolution
		{277E3BED-4BC9-442F-9A58-028A02176857}.Debug|Any CPU.ActiveCfg = Debug|Any CPU
		{277E3BED-4BC9-442F-9A58-028A02176857}.Debug|Any CPU.Build.0 = Debug|Any CPU
		{277E3BED-4BC9-442F-9A58-028A02176857}.Release|Any CPU.ActiveCfg = Release|Any CPU
		{277E3BED-4BC9-442F-9A58-028A02176857}.Release|Any CPU.Build.0 = Release|Any CPU
	EndGlobalSection
	GlobalSection(SolutionProperties) = preSolution
		HideSolutionNode = FALSE
	EndGlobalSection
	GlobalSection(ExtensibilityGlobals) = postSolution
		SolutionGuid = {B8E60EDA-90CE-4817-9210-907038BEA8F4}
	EndGlobalSection
EndGlobal
